
Microsoft Visual Studio Solution File, Format Version 12.00
# Visual Studio Version 16
VisualStudioVersion = 16.0.30011.22
MinimumVisualStudioVersion = 10.0.40219.1
Project("{FAE04EC0-301F-11D3-BF4B-00C04F79EFBC}") = "Encap", "Encap\Encap.csproj", "{3B51F2CA-18C8-4442-AB51-F5DAB15BBDC3}"
EndProject
Global
	GlobalSection(SolutionConfigurationPlatforms) = preSolution
		Debug|Any CPU = Debug|Any CPU
		Release|Any CPU = Release|Any CPU
	EndGlobalSection
	GlobalSection(ProjectConfigurationPlatforms) = postSolution
		{3B51F2CA-18C8-4442-AB51-F5DAB15BBDC3}.Debug|Any CPU.ActiveCfg = Debug|Any CPU
		{3B51F2CA-18C8-4442-AB51-F5DAB15BBDC3}.Debug|Any CPU.Build.0 = Debug|Any CPU
		{3B51F2CA-18C8-4442-AB51-F5DAB15BBDC3}.Release|Any CPU.ActiveCfg = Release|Any CPU
		{3B51F2CA-18C8-4442-AB51-F5DAB15BBDC3}.Release|Any CPU.Build.0 = Release|Any CPU
	EndGlobalSection
	GlobalSection(SolutionProperties) = preSolution
		HideSolutionNode = FALSE
	EndGlobalSection
	GlobalSection(ExtensibilityGlobals) = postSolution
		SolutionGuid = {4346A77C-1C75-41F0-9726-D6B1857BB823}
	EndGlobalSection
EndGlobal
