
Microsoft Visual Studio Solution File, Format Version 12.00
# Visual Studio Version 16
VisualStudioVersion = 16.0.30011.22
MinimumVisualStudioVersion = 10.0.40219.1
Project("{FAE04EC0-301F-11D3-BF4B-00C04F79EFBC}") = "ArrayQuestion", "ArrayQuestion\ArrayQuestion.csproj", "{27964D49-4D94-483D-9FFF-DCC5CA414FE3}"
EndProject
Global
	GlobalSection(SolutionConfigurationPlatforms) = preSolution
		Debug|Any CPU = Debug|Any CPU
		Release|Any CPU = Release|Any CPU
	EndGlobalSection
	GlobalSection(ProjectConfigurationPlatforms) = postSolution
		{27964D49-4D94-483D-9FFF-DCC5CA414FE3}.Debug|Any CPU.ActiveCfg = Debug|Any CPU
		{27964D49-4D94-483D-9FFF-DCC5CA414FE3}.Debug|Any CPU.Build.0 = Debug|Any CPU
		{27964D49-4D94-483D-9FFF-DCC5CA414FE3}.Release|Any CPU.ActiveCfg = Release|Any CPU
		{27964D49-4D94-483D-9FFF-DCC5CA414FE3}.Release|Any CPU.Build.0 = Release|Any CPU
	EndGlobalSection
	GlobalSection(SolutionProperties) = preSolution
		HideSolutionNode = FALSE
	EndGlobalSection
	GlobalSection(ExtensibilityGlobals) = postSolution
		SolutionGuid = {E7C724EE-A8CC-4677-B548-FBD7BBA7B9EE}
	EndGlobalSection
EndGlobal
